// !$*UTF8*$!
{
	archiveVersion = 1;
	classes = {
	};
	objectVersion = 77;
	objects = {

/* Begin PBXBuildFile section */
		4FF8F6C82D81095600DA05A6 /* FirebaseAuth in Frameworks */ = {isa = PBXBuildFile; productRef = 4FF8F6C72D81095600DA05A6 /* FirebaseAuth */; };
		4FF8F6CA2D81095600DA05A6 /* FirebaseCore in Frameworks */ = {isa = PBXBuildFile; productRef = 4FF8F6C92D81095600DA05A6 /* FirebaseCore */; };
		4FF8F7042D810CF800DA05A6 /* MapboxMaps in Frameworks */ = {isa = PBXBuildFile; productRef = 4FF8F7032D810CF800DA05A6 /* MapboxMaps */; };
/* End PBXBuildFile section */

/* Begin PBXContainerItemProxy section */
		4FF8F6AA2D8105B900DA05A6 /* PBXContainerItemProxy */ = {
			isa = PBXContainerItemProxy;
			containerPortal = 4FF8F6912D8105B600DA05A6 /* Project object */;
			proxyType = 1;
			remoteGlobalIDString = 4FF8F6982D8105B600DA05A6;
			remoteInfo = TroutRoutesClone;
		};
		4FF8F6B42D8105B900DA05A6 /* PBXContainerItemProxy */ = {
			isa = PBXContainerItemProxy;
			containerPortal = 4FF8F6912D8105B600DA05A6 /* Project object */;
			proxyType = 1;
			remoteGlobalIDString = 4FF8F6982D8105B600DA05A6;
			remoteInfo = TroutRoutesClone;
		};
/* End PBXContainerItemProxy section */

/* Begin PBXFileReference section */
		4FF8F6992D8105B600DA05A6 /* TroutRoutesClone.app */ = {isa = PBXFileReference; explicitFileType = wrapper.application; includeInIndex = 0; path = TroutRoutesClone.app; sourceTree = BUILT_PRODUCTS_DIR; };
		4FF8F6A92D8105B900DA05A6 /* TroutRoutesCloneTests.xctest */ = {isa = PBXFileReference; explicitFileType = wrapper.cfbundle; includeInIndex = 0; path = TroutRoutesCloneTests.xctest; sourceTree = BUILT_PRODUCTS_DIR; };
		4FF8F6B32D8105B900DA05A6 /* TroutRoutesCloneUITests.xctest */ = {isa = PBXFileReference; explicitFileType = wrapper.cfbundle; includeInIndex = 0; path = TroutRoutesCloneUITests.xctest; sourceTree = BUILT_PRODUCTS_DIR; };
/* End PBXFileReference section */

/* Begin PBXFileSystemSynchronizedBuildFileExceptionSet section */
		4FF8F6DE2D810C6000DA05A6 /* Exceptions for "TroutRoutesClone" folder in "TroutRoutesClone" target */ = {
			isa = PBXFileSystemSynchronizedBuildFileExceptionSet;
			membershipExceptions = (
				Info.plist,
			);
			target = 4FF8F6982D8105B600DA05A6 /* TroutRoutesClone */;
		};
/* End PBXFileSystemSynchronizedBuildFileExceptionSet section */

/* Begin PBXFileSystemSynchronizedRootGroup section */
		4FF8F69B2D8105B600DA05A6 /* TroutRoutesClone */ = {
			isa = PBXFileSystemSynchronizedRootGroup;
			exceptions = (
				4FF8F6DE2D810C6000DA05A6 /* Exceptions for "TroutRoutesClone" folder in "TroutRoutesClone" target */,
			);
			path = TroutRoutesClone;
			sourceTree = "<group>";
		};
		4FF8F6AC2D8105B900DA05A6 /* TroutRoutesCloneTests */ = {
			isa = PBXFileSystemSynchronizedRootGroup;
			path = TroutRoutesCloneTests;
			sourceTree = "<group>";
		};
		4FF8F6B62D8105B900DA05A6 /* TroutRoutesCloneUITests */ = {
			isa = PBXFileSystemSynchronizedRootGroup;
			path = TroutRoutesCloneUITests;
			sourceTree = "<group>";
		};
/* End PBXFileSystemSynchronizedRootGroup section */

/* Begin PBXFrameworksBuildPhase section */
		4FF8F6962D8105B600DA05A6 /* Frameworks */ = {
			isa = PBXFrameworksBuildPhase;
			buildActionMask = 2147483647;
			files = (
				4FF8F7042D810CF800DA05A6 /* MapboxMaps in Frameworks */,
				4FF8F6CA2D81095600DA05A6 /* FirebaseCore in Frameworks */,
				4FF8F6C82D81095600DA05A6 /* FirebaseAuth in Frameworks */,
			);
			runOnlyForDeploymentPostprocessing = 0;
		};
		4FF8F6A62D8105B900DA05A6 /* Frameworks */ = {
			isa = PBXFrameworksBuildPhase;
			buildActionMask = 2147483647;
			files = (
			);
			runOnlyForDeploymentPostprocessing = 0;
		};
		4FF8F6B02D8105B900DA05A6 /* Frameworks */ = {
			isa = PBXFrameworksBuildPhase;
			buildActionMask = 2147483647;
			files = (
			);
			runOnlyForDeploymentPostprocessing = 0;
		};
/* End PBXFrameworksBuildPhase section */

/* Begin PBXGroup section */
		4FF8F6902D8105B600DA05A6 = {
			isa = PBXGroup;
			children = (
				4FF8F69B2D8105B600DA05A6 /* TroutRoutesClone */,
				4FF8F6AC2D8105B900DA05A6 /* TroutRoutesCloneTests */,
				4FF8F6B62D8105B900DA05A6 /* TroutRoutesCloneUITests */,
				4FF8F69A2D8105B600DA05A6 /* Products */,
			);
			sourceTree = "<group>";
		};
		4FF8F69A2D8105B600DA05A6 /* Products */ = {
			isa = PBXGroup;
			children = (
				4FF8F6992D8105B600DA05A6 /* TroutRoutesClone.app */,
				4FF8F6A92D8105B900DA05A6 /* TroutRoutesCloneTests.xctest */,
				4FF8F6B32D8105B900DA05A6 /* TroutRoutesCloneUITests.xctest */,
			);
			name = Products;
			sourceTree = "<group>";
		};
/* End PBXGroup section */

/* Begin PBXNativeTarget section */
		4FF8F6982D8105B600DA05A6 /* TroutRoutesClone */ = {
			isa = PBXNativeTarget;
			buildConfigurationList = 4FF8F6BD2D8105B900DA05A6 /* Build configuration list for PBXNativeTarget "TroutRoutesClone" */;
			buildPhases = (
				4FF8F6952D8105B600DA05A6 /* Sources */,
				4FF8F6962D8105B600DA05A6 /* Frameworks */,
				4FF8F6972D8105B600DA05A6 /* Resources */,
			);
			buildRules = (
			);
			dependencies = (
			);
			fileSystemSynchronizedGroups = (
				4FF8F69B2D8105B600DA05A6 /* TroutRoutesClone */,
			);
			name = TroutRoutesClone;
			packageProductDependencies = (
				4FF8F6C72D81095600DA05A6 /* FirebaseAuth */,
				4FF8F6C92D81095600DA05A6 /* FirebaseCore */,
				4FF8F7032D810CF800DA05A6 /* MapboxMaps */,
			);
			productName = TroutRoutesClone;
			productReference = 4FF8F6992D8105B600DA05A6 /* TroutRoutesClone.app */;
			productType = "com.apple.product-type.application";
		};
		4FF8F6A82D8105B900DA05A6 /* TroutRoutesCloneTests */ = {
			isa = PBXNativeTarget;
			buildConfigurationList = 4FF8F6C02D8105B900DA05A6 /* Build configuration list for PBXNativeTarget "TroutRoutesCloneTests" */;
			buildPhases = (
				4FF8F6A52D8105B900DA05A6 /* Sources */,
				4FF8F6A62D8105B900DA05A6 /* Frameworks */,
				4FF8F6A72D8105B900DA05A6 /* Resources */,
			);
			buildRules = (
			);
			dependencies = (
				4FF8F6AB2D8105B900DA05A6 /* PBXTargetDependency */,
			);
			fileSystemSynchronizedGroups = (
				4FF8F6AC2D8105B900DA05A6 /* TroutRoutesCloneTests */,
			);
			name = TroutRoutesCloneTests;
			packageProductDependencies = (
			);
			productName = TroutRoutesCloneTests;
			productReference = 4FF8F6A92D8105B900DA05A6 /* TroutRoutesCloneTests.xctest */;
			productType = "com.apple.product-type.bundle.unit-test";
		};
		4FF8F6B22D8105B900DA05A6 /* TroutRoutesCloneUITests */ = {
			isa = PBXNativeTarget;
			buildConfigurationList = 4FF8F6C32D8105B900DA05A6 /* Build configuration list for PBXNativeTarget "TroutRoutesCloneUITests" */;
			buildPhases = (
				4FF8F6AF2D8105B900DA05A6 /* Sources */,
				4FF8F6B02D8105B900DA05A6 /* Frameworks */,
				4FF8F6B12D8105B900DA05A6 /* Resources */,
			);
			buildRules = (
			);
			dependencies = (
				4FF8F6B52D8105B900DA05A6 /* PBXTargetDependency */,
			);
			fileSystemSynchronizedGroups = (
				4FF8F6B62D8105B900DA05A6 /* TroutRoutesCloneUITests */,
			);
			name = TroutRoutesCloneUITests;
			packageProductDependencies = (
			);
			productName = TroutRoutesCloneUITests;
			productReference = 4FF8F6B32D8105B900DA05A6 /* TroutRoutesCloneUITests.xctest */;
			productType = "com.apple.product-type.bundle.ui-testing";
		};
/* End PBXNativeTarget section */

/* Begin PBXProject section */
		4FF8F6912D8105B600DA05A6 /* Project object */ = {
			isa = PBXProject;
			attributes = {
				BuildIndependentTargetsInParallel = 1;
				LastSwiftUpdateCheck = 1620;
				LastUpgradeCheck = 1620;
				TargetAttributes = {
					4FF8F6982D8105B600DA05A6 = {
						CreatedOnToolsVersion = 16.2;
					};
					4FF8F6A82D8105B900DA05A6 = {
						CreatedOnToolsVersion = 16.2;
						TestTargetID = 4FF8F6982D8105B600DA05A6;
					};
					4FF8F6B22D8105B900DA05A6 = {
						CreatedOnToolsVersion = 16.2;
						TestTargetID = 4FF8F6982D8105B600DA05A6;
					};
				};
			};
			buildConfigurationList = 4FF8F6942D8105B600DA05A6 /* Build configuration list for PBXProject "TroutRoutesClone" */;
			developmentRegion = en;
			hasScannedForEncodings = 0;
			knownRegions = (
				en,
				Base,
			);
			mainGroup = 4FF8F6902D8105B600DA05A6;
			minimizedProjectReferenceProxies = 1;
			packageReferences = (
				4FF8F6C62D81095600DA05A6 /* XCRemoteSwiftPackageReference "firebase-ios-sdk" */,
				4FF8F7022D810CF800DA05A6 /* XCRemoteSwiftPackageReference "mapbox-maps-ios" */,
			);
			preferredProjectObjectVersion = 77;
			productRefGroup = 4FF8F69A2D8105B600DA05A6 /* Products */;
			projectDirPath = "";
			projectRoot = "";
			targets = (
				4FF8F6982D8105B600DA05A6 /* TroutRoutesClone */,
				4FF8F6A82D8105B900DA05A6 /* TroutRoutesCloneTests */,
				4FF8F6B22D8105B900DA05A6 /* TroutRoutesCloneUITests */,
			);
		};
/* End PBXProject section */

/* Begin PBXResourcesBuildPhase section */
		4FF8F6972D8105B600DA05A6 /* Resources */ = {
			isa = PBXResourcesBuildPhase;
			buildActionMask = 2147483647;
			files = (
			);
			runOnlyForDeploymentPostprocessing = 0;
		};
		4FF8F6A72D8105B900DA05A6 /* Resources */ = {
			isa = PBXResourcesBuildPhase;
			buildActionMask = 2147483647;
			files = (
			);
			runOnlyForDeploymentPostprocessing = 0;
		};
		4FF8F6B12D8105B900DA05A6 /* Resources */ = {
			isa = PBXResourcesBuildPhase;
			buildActionMask = 2147483647;
			files = (
			);
			runOnlyForDeploymentPostprocessing = 0;
		};
/* End PBXResourcesBuildPhase section */

/* Begin PBXSourcesBuildPhase section */
		4FF8F6952D8105B600DA05A6 /* Sources */ = {
			isa = PBXSourcesBuildPhase;
			buildActionMask = 2147483647;
			files = (
			);
			runOnlyForDeploymentPostprocessing = 0;
		};
		4FF8F6A52D8105B900DA05A6 /* Sources */ = {
			isa = PBXSourcesBuildPhase;
			buildActionMask = 2147483647;
			files = (
			);
			runOnlyForDeploymentPostprocessing = 0;
		};
		4FF8F6AF2D8105B900DA05A6 /* Sources */ = {
			isa = PBXSourcesBuildPhase;
			buildActionMask = 2147483647;
			files = (
			);
			runOnlyForDeploymentPostprocessing = 0;
		};
/* End PBXSourcesBuildPhase section */

/* Begin PBXTargetDependency section */
		4FF8F6AB2D8105B900DA05A6 /* PBXTargetDependency */ = {
			isa = PBXTargetDependency;
			target = 4FF8F6982D8105B600DA05A6 /* TroutRoutesClone */;
			targetProxy = 4FF8F6AA2D8105B900DA05A6 /* PBXContainerItemProxy */;
		};
		4FF8F6B52D8105B900DA05A6 /* PBXTargetDependency */ = {
			isa = PBXTargetDependency;
			target = 4FF8F6982D8105B600DA05A6 /* TroutRoutesClone */;
			targetProxy = 4FF8F6B42D8105B900DA05A6 /* PBXContainerItemProxy */;
		};
/* End PBXTargetDependency section */

/* Begin XCBuildConfiguration section */
		4FF8F6BB2D8105B900DA05A6 /* Debug */ = {
			isa = XCBuildConfiguration;
			buildSettings = {
				ALWAYS_SEARCH_USER_PATHS = NO;
				ASSETCATALOG_COMPILER_GENERATE_SWIFT_ASSET_SYMBOL_EXTENSIONS = YES;
				CLANG_ANALYZER_NONNULL = YES;
				CLANG_ANALYZER_NUMBER_OBJECT_CONVERSION = YES_AGGRESSIVE;
				CLANG_CXX_LANGUAGE_STANDARD = "gnu++20";
				CLANG_ENABLE_MODULES = YES;
				CLANG_ENABLE_OBJC_ARC = YES;
				CLANG_ENABLE_OBJC_WEAK = YES;
				CLANG_WARN_BLOCK_CAPTURE_AUTORELEASING = YES;
				CLANG_WARN_BOOL_CONVERSION = YES;
				CLANG_WARN_COMMA = YES;
				CLANG_WARN_CONSTANT_CONVERSION = YES;
				CLANG_WARN_DEPRECATED_OBJC_IMPLEMENTATIONS = YES;
				CLANG_WARN_DIRECT_OBJC_ISA_USAGE = YES_ERROR;
				CLANG_WARN_DOCUMENTATION_COMMENTS = YES;
				CLANG_WARN_EMPTY_BODY = YES;
				CLANG_WARN_ENUM_CONVERSION = YES;
				CLANG_WARN_INFINITE_RECURSION = YES;
				CLANG_WARN_INT_CONVERSION = YES;
				CLANG_WARN_NON_LITERAL_NULL_CONVERSION = YES;
				CLANG_WARN_OBJC_IMPLICIT_RETAIN_SELF = YES;
				CLANG_WARN_OBJC_LITERAL_CONVERSION = YES;
				CLANG_WARN_OBJC_ROOT_CLASS = YES_ERROR;
				CLANG_WARN_QUOTED_INCLUDE_IN_FRAMEWORK_HEADER = YES;
				CLANG_WARN_RANGE_LOOP_ANALYSIS = YES;
				CLANG_WARN_STRICT_PROTOTYPES = YES;
				CLANG_WARN_SUSPICIOUS_MOVE = YES;
				CLANG_WARN_UNGUARDED_AVAILABILITY = YES_AGGRESSIVE;
				CLANG_WARN_UNREACHABLE_CODE = YES;
				CLANG_WARN__DUPLICATE_METHOD_MATCH = YES;
				COPY_PHASE_STRIP = NO;
				DEBUG_INFORMATION_FORMAT = dwarf;
				ENABLE_STRICT_OBJC_MSGSEND = YES;
				ENABLE_TESTABILITY = YES;
				ENABLE_USER_SCRIPT_SANDBOXING = YES;
				GCC_C_LANGUAGE_STANDARD = gnu17;
				GCC_DYNAMIC_NO_PIC = NO;
				GCC_NO_COMMON_BLOCKS = YES;
				GCC_OPTIMIZATION_LEVEL = 0;
				GCC_PREPROCESSOR_DEFINITIONS = (
					"DEBUG=1",
					"$(inherited)",
				);
				GCC_WARN_64_TO_32_BIT_CONVERSION = YES;
				GCC_WARN_ABOUT_RETURN_TYPE = YES_ERROR;
				GCC_WARN_UNDECLARED_SELECTOR = YES;
				GCC_WARN_UNINITIALIZED_AUTOS = YES_AGGRESSIVE;
				GCC_WARN_UNUSED_FUNCTION = YES;
				GCC_WARN_UNUSED_VARIABLE = YES;
				IPHONEOS_DEPLOYMENT_TARGET = 18.2;
				LOCALIZATION_PREFERS_STRING_CATALOGS = YES;
				MTL_ENABLE_DEBUG_INFO = INCLUDE_SOURCE;
				MTL_FAST_MATH = YES;
				ONLY_ACTIVE_ARCH = YES;
				SDKROOT = iphoneos;
				SWIFT_ACTIVE_COMPILATION_CONDITIONS = "DEBUG $(inherited)";
				SWIFT_OPTIMIZATION_LEVEL = "-Onone";
			};
			name = Debug;
		};
		4FF8F6BC2D8105B900DA05A6 /* Release */ = {
			isa = XCBuildConfiguration;
			buildSettings = {
				ALWAYS_SEARCH_USER_PATHS = NO;
				ASSETCATALOG_COMPILER_GENERATE_SWIFT_ASSET_SYMBOL_EXTENSIONS = YES;
				CLANG_ANALYZER_NONNULL = YES;
				CLANG_ANALYZER_NUMBER_OBJECT_CONVERSION = YES_AGGRESSIVE;
				CLANG_CXX_LANGUAGE_STANDARD = "gnu++20";
				CLANG_ENABLE_MODULES = YES;
				CLANG_ENABLE_OBJC_ARC = YES;
				CLANG_ENABLE_OBJC_WEAK = YES;
				CLANG_WARN_BLOCK_CAPTURE_AUTORELEASING = YES;
				CLANG_WARN_BOOL_CONVERSION = YES;
				CLANG_WARN_COMMA = YES;
				CLANG_WARN_CONSTANT_CONVERSION = YES;
				CLANG_WARN_DEPRECATED_OBJC_IMPLEMENTATIONS = YES;
				CLANG_WARN_DIRECT_OBJC_ISA_USAGE = YES_ERROR;
				CLANG_WARN_DOCUMENTATION_COMMENTS = YES;
				CLANG_WARN_EMPTY_BODY = YES;
				CLANG_WARN_ENUM_CONVERSION = YES;
				CLANG_WARN_INFINITE_RECURSION = YES;
				CLANG_WARN_INT_CONVERSION = YES;
				CLANG_WARN_NON_LITERAL_NULL_CONVERSION = YES;
				CLANG_WARN_OBJC_IMPLICIT_RETAIN_SELF = YES;
				CLANG_WARN_OBJC_LITERAL_CONVERSION = YES;
				CLANG_WARN_OBJC_ROOT_CLASS = YES_ERROR;
				CLANG_WARN_QUOTED_INCLUDE_IN_FRAMEWORK_HEADER = YES;
				CLANG_WARN_RANGE_LOOP_ANALYSIS = YES;
				CLANG_WARN_STRICT_PROTOTYPES = YES;
				CLANG_WARN_SUSPICIOUS_MOVE = YES;
				CLANG_WARN_UNGUARDED_AVAILABILITY = YES_AGGRESSIVE;
				CLANG_WARN_UNREACHABLE_CODE = YES;
				CLANG_WARN__DUPLICATE_METHOD_MATCH = YES;
				COPY_PHASE_STRIP = NO;
				DEBUG_INFORMATION_FORMAT = "dwarf-with-dsym";
				ENABLE_NS_ASSERTIONS = NO;
				ENABLE_STRICT_OBJC_MSGSEND = YES;
				ENABLE_USER_SCRIPT_SANDBOXING = YES;
				GCC_C_LANGUAGE_STANDARD = gnu17;
				GCC_NO_COMMON_BLOCKS = YES;
				GCC_WARN_64_TO_32_BIT_CONVERSION = YES;
				GCC_WARN_ABOUT_RETURN_TYPE = YES_ERROR;
				GCC_WARN_UNDECLARED_SELECTOR = YES;
				GCC_WARN_UNINITIALIZED_AUTOS = YES_AGGRESSIVE;
				GCC_WARN_UNUSED_FUNCTION = YES;
				GCC_WARN_UNUSED_VARIABLE = YES;
				IPHONEOS_DEPLOYMENT_TARGET = 18.2;
				LOCALIZATION_PREFERS_STRING_CATALOGS = YES;
				MTL_ENABLE_DEBUG_INFO = NO;
				MTL_FAST_MATH = YES;
				SDKROOT = iphoneos;
				SWIFT_COMPILATION_MODE = wholemodule;
				VALIDATE_PRODUCT = YES;
			};
			name = Release;
		};
		4FF8F6BE2D8105B900DA05A6 /* Debug */ = {
			isa = XCBuildConfiguration;
			buildSettings = {
				ASSETCATALOG_COMPILER_APPICON_NAME = AppIcon;
				ASSETCATALOG_COMPILER_GLOBAL_ACCENT_COLOR_NAME = AccentColor;
				CODE_SIGN_STYLE = Automatic;
				CURRENT_PROJECT_VERSION = 1;
				DEVELOPMENT_ASSET_PATHS = "\"TroutRoutesClone/Preview Content\"";
				ENABLE_PREVIEWS = YES;
				GENERATE_INFOPLIST_FILE = YES;
				INFOPLIST_FILE = TroutRoutesClone/Info.plist;
				INFOPLIST_KEY_UIApplicationSceneManifest_Generation = YES;
				INFOPLIST_KEY_UIApplicationSupportsIndirectInputEvents = YES;
				INFOPLIST_KEY_UILaunchScreen_Generation = YES;
				INFOPLIST_KEY_UILaunchStoryboardName = "Launch Screen.storyboard";
				INFOPLIST_KEY_UISupportedInterfaceOrientations_iPad = "UIInterfaceOrientationPortrait UIInterfaceOrientationPortraitUpsideDown UIInterfaceOrientationLandscapeLeft UIInterfaceOrientationLandscapeRight";
				INFOPLIST_KEY_UISupportedInterfaceOrientations_iPhone = "UIInterfaceOrientationPortrait UIInterfaceOrientationLandscapeLeft UIInterfaceOrientationLandscapeRight";
				LD_RUNPATH_SEARCH_PATHS = (
					"$(inherited)",
					"@executable_path/Frameworks",
				);
				MARKETING_VERSION = 1.0;
				PRODUCT_BUNDLE_IDENTIFIER = com.baberfarrukh.TroutRoutesClone;
				PRODUCT_NAME = "$(TARGET_NAME)";
				SWIFT_EMIT_LOC_STRINGS = YES;
				SWIFT_VERSION = 5.0;
				TARGETED_DEVICE_FAMILY = "1,2";
			};
			name = Debug;
		};
		4FF8F6BF2D8105B900DA05A6 /* Release */ = {
			isa = XCBuildConfiguration;
			buildSettings = {
				ASSETCATALOG_COMPILER_APPICON_NAME = AppIcon;
				ASSETCATALOG_COMPILER_GLOBAL_ACCENT_COLOR_NAME = AccentColor;
				CODE_SIGN_STYLE = Automatic;
				CURRENT_PROJECT_VERSION = 1;
				DEVELOPMENT_ASSET_PATHS = "\"TroutRoutesClone/Preview Content\"";
				ENABLE_PREVIEWS = YES;
				GENERATE_INFOPLIST_FILE = YES;
				INFOPLIST_FILE = TroutRoutesClone/Info.plist;
				INFOPLIST_KEY_UIApplicationSceneManifest_Generation = YES;
				INFOPLIST_KEY_UIApplicationSupportsIndirectInputEvents = YES;
				INFOPLIST_KEY_UILaunchScreen_Generation = YES;
				INFOPLIST_KEY_UILaunchStoryboardName = "Launch Screen.storyboard";
				INFOPLIST_KEY_UISupportedInterfaceOrientations_iPad = "UIInterfaceOrientationPortrait UIInterfaceOrientationPortraitUpsideDown UIInterfaceOrientationLandscapeLeft UIInterfaceOrientationLandscapeRight";
				INFOPLIST_KEY_UISupportedInterfaceOrientations_iPhone = "UIInterfaceOrientationPortrait UIInterfaceOrientationLandscapeLeft UIInterfaceOrientationLandscapeRight";
				LD_RUNPATH_SEARCH_PATHS = (
					"$(inherited)",
					"@executable_path/Frameworks",
				);
				MARKETING_VERSION = 1.0;
				PRODUCT_BUNDLE_IDENTIFIER = com.baberfarrukh.TroutRoutesClone;
				PRODUCT_NAME = "$(TARGET_NAME)";
				SWIFT_EMIT_LOC_STRINGS = YES;
				SWIFT_VERSION = 5.0;
				TARGETED_DEVICE_FAMILY = "1,2";
			};
			name = Release;
		};
		4FF8F6C12D8105B900DA05A6 /* Debug */ = {
			isa = XCBuildConfiguration;
			buildSettings = {
				BUNDLE_LOADER = "$(TEST_HOST)";
				CODE_SIGN_STYLE = Automatic;
				CURRENT_PROJECT_VERSION = 1;
				GENERATE_INFOPLIST_FILE = YES;
				IPHONEOS_DEPLOYMENT_TARGET = 18.2;
				MARKETING_VERSION = 1.0;
				PRODUCT_BUNDLE_IDENTIFIER = com.baberfarrukh.TroutRoutesCloneTests;
				PRODUCT_NAME = "$(TARGET_NAME)";
				SWIFT_EMIT_LOC_STRINGS = NO;
				SWIFT_VERSION = 5.0;
				TARGETED_DEVICE_FAMILY = "1,2";
				TEST_HOST = "$(BUILT_PRODUCTS_DIR)/TroutRoutesClone.app/$(BUNDLE_EXECUTABLE_FOLDER_PATH)/TroutRoutesClone";
			};
			name = Debug;
		};
		4FF8F6C22D8105B900DA05A6 /* Release */ = {
			isa = XCBuildConfiguration;
			buildSettings = {
				BUNDLE_LOADER = "$(TEST_HOST)";
				CODE_SIGN_STYLE = Automatic;
				CURRENT_PROJECT_VERSION = 1;
				GENERATE_INFOPLIST_FILE = YES;
				IPHONEOS_DEPLOYMENT_TARGET = 18.2;
				MARKETING_VERSION = 1.0;
				PRODUCT_BUNDLE_IDENTIFIER = com.baberfarrukh.TroutRoutesCloneTests;
				PRODUCT_NAME = "$(TARGET_NAME)";
				SWIFT_EMIT_LOC_STRINGS = NO;
				SWIFT_VERSION = 5.0;
				TARGETED_DEVICE_FAMILY = "1,2";
				TEST_HOST = "$(BUILT_PRODUCTS_DIR)/TroutRoutesClone.app/$(BUNDLE_EXECUTABLE_FOLDER_PATH)/TroutRoutesClone";
			};
			name = Release;
		};
		4FF8F6C42D8105B900DA05A6 /* Debug */ = {
			isa = XCBuildConfiguration;
			buildSettings = {
				CODE_SIGN_STYLE = Automatic;
				CURRENT_PROJECT_VERSION = 1;
				GENERATE_INFOPLIST_FILE = YES;
				MARKETING_VERSION = 1.0;
				PRODUCT_BUNDLE_IDENTIFIER = com.baberfarrukh.TroutRoutesCloneUITests;
				PRODUCT_NAME = "$(TARGET_NAME)";
				SWIFT_EMIT_LOC_STRINGS = NO;
				SWIFT_VERSION = 5.0;
				TARGETED_DEVICE_FAMILY = "1,2";
				TEST_TARGET_NAME = TroutRoutesClone;
			};
			name = Debug;
		};
		4FF8F6C52D8105B900DA05A6 /* Release */ = {
			isa = XCBuildConfiguration;
			buildSettings = {
				CODE_SIGN_STYLE = Automatic;
				CURRENT_PROJECT_VERSION = 1;
				GENERATE_INFOPLIST_FILE = YES;
				MARKETING_VERSION = 1.0;
				PRODUCT_BUNDLE_IDENTIFIER = com.baberfarrukh.TroutRoutesCloneUITests;
				PRODUCT_NAME = "$(TARGET_NAME)";
				SWIFT_EMIT_LOC_STRINGS = NO;
				SWIFT_VERSION = 5.0;
				TARGETED_DEVICE_FAMILY = "1,2";
				TEST_TARGET_NAME = TroutRoutesClone;
			};
			name = Release;
		};
/* End XCBuildConfiguration section */

/* Begin XCConfigurationList section */
		4FF8F6942D8105B600DA05A6 /* Build configuration list for PBXProject "TroutRoutesClone" */ = {
			isa = XCConfigurationList;
			buildConfigurations = (
				4FF8F6BB2D8105B900DA05A6 /* Debug */,
				4FF8F6BC2D8105B900DA05A6 /* Release */,
			);
			defaultConfigurationIsVisible = 0;
			defaultConfigurationName = Release;
		};
		4FF8F6BD2D8105B900DA05A6 /* Build configuration list for PBXNativeTarget "TroutRoutesClone" */ = {
			isa = XCConfigurationList;
			buildConfigurations = (
				4FF8F6BE2D8105B900DA05A6 /* Debug */,
				4FF8F6BF2D8105B900DA05A6 /* Release */,
			);
			defaultConfigurationIsVisible = 0;
			defaultConfigurationName = Release;
		};
		4FF8F6C02D8105B900DA05A6 /* Build configuration list for PBXNativeTarget "TroutRoutesCloneTests" */ = {
			isa = XCConfigurationList;
			buildConfigurations = (
				4FF8F6C12D8105B900DA05A6 /* Debug */,
				4FF8F6C22D8105B900DA05A6 /* Release */,
			);
			defaultConfigurationIsVisible = 0;
			defaultConfigurationName = Release;
		};
		4FF8F6C32D8105B900DA05A6 /* Build configuration list for PBXNativeTarget "TroutRoutesCloneUITests" */ = {
			isa = XCConfigurationList;
			buildConfigurations = (
				4FF8F6C42D8105B900DA05A6 /* Debug */,
				4FF8F6C52D8105B900DA05A6 /* Release */,
			);
			defaultConfigurationIsVisible = 0;
			defaultConfigurationName = Release;
		};
/* End XCConfigurationList section */

/* Begin XCRemoteSwiftPackageReference section */
		4FF8F6C62D81095600DA05A6 /* XCRemoteSwiftPackageReference "firebase-ios-sdk" */ = {
			isa = XCRemoteSwiftPackageReference;
			repositoryURL = "https://github.com/firebase/firebase-ios-sdk";
			requirement = {
				kind = upToNextMajorVersion;
				minimumVersion = 11.9.0;
			};
		};
		4FF8F7022D810CF800DA05A6 /* XCRemoteSwiftPackageReference "mapbox-maps-ios" */ = {
			isa = XCRemoteSwiftPackageReference;
			repositoryURL = "https://github.com/mapbox/mapbox-maps-ios.git";
			requirement = {
				branch = main;
				kind = branch;
			};
		};
/* End XCRemoteSwiftPackageReference section */

/* Begin XCSwiftPackageProductDependency section */
		4FF8F6C72D81095600DA05A6 /* FirebaseAuth */ = {
			isa = XCSwiftPackageProductDependency;
			package = 4FF8F6C62D81095600DA05A6 /* XCRemoteSwiftPackageReference "firebase-ios-sdk" */;
			productName = FirebaseAuth;
		};
		4FF8F6C92D81095600DA05A6 /* FirebaseCore */ = {
			isa = XCSwiftPackageProductDependency;
			package = 4FF8F6C62D81095600DA05A6 /* XCRemoteSwiftPackageReference "firebase-ios-sdk" */;
			productName = FirebaseCore;
		};
		4FF8F7032D810CF800DA05A6 /* MapboxMaps */ = {
			isa = XCSwiftPackageProductDependency;
			package = 4FF8F7022D810CF800DA05A6 /* XCRemoteSwiftPackageReference "mapbox-maps-ios" */;
			productName = MapboxMaps;
		};
/* End XCSwiftPackageProductDependency section */
	};
	rootObject = 4FF8F6912D8105B600DA05A6 /* Project object */;
}
